Microsoft Visual Studio Solution File, Format Version 12.00
# Visual Studio 15
VisualStudioVersion = 15.0.28307.539
MinimumVisualStudioVersion = 10.0.40219.1
Project("{FAE04EC0-301F-11D3-BF4B-00C04F79EFBC}") = "buddies_prodigy", "buddies_prodigy\buddies_prodigy.csproj", "{0CFCF5B2-08D1-4E54-992E-9B39A62DF2DE}"
EndProject
Global
	GlobalSection(SolutionConfigurationPlatforms) = preSolution
		Debug|Any CPU = Debug|Any CPU
		Release|Any CPU = Release|Any CPU
	EndGlobalSection
	GlobalSection(ProjectConfigurationPlatforms) = postSolution
		{0CFCF5B2-08D1-4E54-992E-9B39A62DF2DE}.Debug|Any CPU.ActiveCfg = Debug|Any CPU
		{0CFCF5B2-08D1-4E54-992E-9B39A62DF2DE}.Debug|Any CPU.Build.0 = Debug|Any CPU
		{0CFCF5B2-08D1-4E54-992E-9B39A62DF2DE}.Release|Any CPU.ActiveCfg = Release|Any CPU
		{0CFCF5B2-08D1-4E54-992E-9B39A62DF2DE}.Release|Any CPU.Build.0 = Release|Any CPU
	EndGlobalSection
	GlobalSection(SolutionProperties) = preSolution
		HideSolutionNode = FALSE
	EndGlobalSection
	GlobalSection(ExtensibilityGlobals) = postSolution
		SolutionGuid = {E2548FAF-AFB4-4E98-93F1-C7AF7F52C54E}
	EndGlobalSection
EndGlobal
